// !$*UTF8*$!
{
	archiveVersion = 1;
	classes = {
	};
	objectVersion = 77;
	objects = {

/* Begin PBXBuildFile section */
		02E8EEB5C48A81E78E286C3F /* Assets.xcassets in Resources */ = {isa = PBXBuildFile; fileRef = F7698329DDB5F07DC196CE1C /* Assets.xcassets */; };
		0516141188F87BAE6B597DBB /* Shiba.usdz in Resources */ = {isa = PBXBuildFile; fileRef = 17CAF5C9F13F0B091538F5AE /* Shiba.usdz */; };
		4E397E64EC2E9C577509862A /* JRTWalking.usdz in Resources */ = {isa = PBXBuildFile; fileRef = 8BA228C56D97C7E3D4A8D010 /* JRTWalking.usdz */; };
		88FECFD0639E68C208ED0837 /* GenieMax in Frameworks */ = {isa = PBXBuildFile; productRef = 6F292395B09D1BB552297A43 /* GenieMax */; };
		C5B547EF04DA49F3574A8981 /* GenieMaxApp.swift in Sources */ = {isa = PBXBuildFile; fileRef = FD9B7252452838C0D24D8771 /* GenieMaxApp.swift */; };
/* End PBXBuildFile section */

/* Begin PBXFileReference section */
		17CAF5C9F13F0B091538F5AE /* Shiba.usdz */ = {isa = PBXFileReference; lastKnownFileType = file.usdz; path = Shiba.usdz; sourceTree = "<group>"; };
		3BCEB1EAAEBE03B69B49B2BC /* PaeWhoop */ = {isa = PBXFileReference; lastKnownFileType = folder; name = PaeWhoop; path = ..; sourceTree = SOURCE_ROOT; };
		63D8766EB4BA438455D32A0D /* GenieMaxiOS.app */ = {isa = PBXFileReference; includeInIndex = 0; lastKnownFileType = wrapper.application; path = GenieMaxiOS.app; sourceTree = BUILT_PRODUCTS_DIR; };
		72C5C5BE1CACE44DD556BA43 /* Info.plist */ = {isa = PBXFileReference; lastKnownFileType = text.plist; path = Info.plist; sourceTree = "<group>"; };
		8BA228C56D97C7E3D4A8D010 /* JRTWalking.usdz */ = {isa = PBXFileReference; lastKnownFileType = file.usdz; path = JRTWalking.usdz; sourceTree = "<group>"; };
		F7698329DDB5F07DC196CE1C /* Assets.xcassets */ = {isa = PBXFileReference; lastKnownFileType = folder.assetcatalog; path = Assets.xcassets; sourceTree = "<group>"; };
		FD9B7252452838C0D24D8771 /* GenieMaxApp.swift */ = {isa = PBXFileReference; lastKnownFileType = sourcecode.swift; path = GenieMaxApp.swift; sourceTree = "<group>"; };
/* End PBXFileReference section */

/* Begin PBXFrameworksBuildPhase section */
		6F7E93EE4FBFC4ACF456DF33 /* Frameworks */ = {
			isa = PBXFrameworksBuildPhase;
			buildActionMask = 2147483647;
			files = (
				88FECFD0639E68C208ED0837 /* GenieMax in Frameworks */,
			);
			runOnlyForDeploymentPostprocessing = 0;
		};
/* End PBXFrameworksBuildPhase section */

/* Begin PBXGroup section */
		3FDFDC44AA5577025C577259 /* Resources */ = {
			isa = PBXGroup;
			children = (
				8BA228C56D97C7E3D4A8D010 /* JRTWalking.usdz */,
				17CAF5C9F13F0B091538F5AE /* Shiba.usdz */,
			);
			path = Resources;
			sourceTree = "<group>";
		};
		4D5EA3F687E099040FB90FE8 = {
			isa = PBXGroup;
			children = (
				8BC722A82F84CEDA1AC822F0 /* GenieMaxApp */,
				A94DD37767C6B0638805E562 /* Packages */,
				CFD0DF02F16FF13E3FBEFFF9 /* Products */,
			);
			sourceTree = "<group>";
		};
		8BC722A82F84CEDA1AC822F0 /* GenieMaxApp */ = {
			isa = PBXGroup;
			children = (
				F7698329DDB5F07DC196CE1C /* Assets.xcassets */,
				FD9B7252452838C0D24D8771 /* GenieMaxApp.swift */,
				72C5C5BE1CACE44DD556BA43 /* Info.plist */,
				3FDFDC44AA5577025C577259 /* Resources */,
			);
			path = GenieMaxApp;
			sourceTree = "<group>";
		};
		A94DD37767C6B0638805E562 /* Packages */ = {
			isa = PBXGroup;
			children = (
				3BCEB1EAAEBE03B69B49B2BC /* PaeWhoop */,
			);
			name = Packages;
			sourceTree = "<group>";
		};
		CFD0DF02F16FF13E3FBEFFF9 /* Products */ = {
			isa = PBXGroup;
			children = (
				63D8766EB4BA438455D32A0D /* GenieMaxiOS.app */,
			);
			name = Products;
			sourceTree = "<group>";
		};
/* End PBXGroup section */

/* Begin PBXNativeTarget section */
		F82DAF961FC0C300E26B30F3 /* GenieMaxiOS */ = {
			isa = PBXNativeTarget;
			buildConfigurationList = 6999348E46873614FA73BFD5 /* Build configuration list for PBXNativeTarget "GenieMaxiOS" */;
			buildPhases = (
				C72D81B2F143F9CED3A020AC /* Sources */,
				64E5DE440A8B22EA506216C2 /* Resources */,
				6F7E93EE4FBFC4ACF456DF33 /* Frameworks */,
			);
			buildRules = (
			);
			dependencies = (
			);
			name = GenieMaxiOS;
			packageProductDependencies = (
				6F292395B09D1BB552297A43 /* GenieMax */,
			);
			productName = GenieMaxiOS;
			productReference = 63D8766EB4BA438455D32A0D /* GenieMaxiOS.app */;
			productType = "com.apple.product-type.application";
		};
/* End PBXNativeTarget section */

/* Begin PBXProject section */
		89AB5E172E5EA965A8A7C705 /* Project object */ = {
			isa = PBXProject;
			attributes = {
				BuildIndependentTargetsInParallel = YES;
				LastUpgradeCheck = 1430;
				TargetAttributes = {
					F82DAF961FC0C300E26B30F3 = {
						DevelopmentTeam = YG7X8EC59V;
						ProvisioningStyle = Automatic;
					};
				};
			};
			buildConfigurationList = 94956E9312776C72E3410CB5 /* Build configuration list for PBXProject "KiriTaraMaru" */;
			developmentRegion = en;
			hasScannedForEncodings = 0;
			knownRegions = (
				Base,
				en,
			);
			mainGroup = 4D5EA3F687E099040FB90FE8;
			minimizedProjectReferenceProxies = 1;
			packageReferences = (
				D273C6D972C7D8D515248F35 /* XCLocalSwiftPackageReference "..//" */,
			);
			preferredProjectObjectVersion = 77;
			productRefGroup = CFD0DF02F16FF13E3FBEFFF9 /* Products */;
			projectDirPath = "";
			projectRoot = "";
			targets = (
				F82DAF961FC0C300E26B30F3 /* GenieMaxiOS */,
			);
		};
/* End PBXProject section */

/* Begin PBXResourcesBuildPhase section */
		64E5DE440A8B22EA506216C2 /* Resources */ = {
			isa = PBXResourcesBuildPhase;
			buildActionMask = 2147483647;
			files = (
				02E8EEB5C48A81E78E286C3F /* Assets.xcassets in Resources */,
				4E397E64EC2E9C577509862A /* JRTWalking.usdz in Resources */,
				0516141188F87BAE6B597DBB /* Shiba.usdz in Resources */,
			);
			runOnlyForDeploymentPostprocessing = 0;
		};
/* End PBXResourcesBuildPhase section */

/* Begin PBXSourcesBuildPhase section */
		C72D81B2F143F9CED3A020AC /* Sources */ = {
			isa = PBXSourcesBuildPhase;
			buildActionMask = 2147483647;
			files = (
				C5B547EF04DA49F3574A8981 /* GenieMaxApp.swift in Sources */,
			);
			runOnlyForDeploymentPostprocessing = 0;
		};
/* End PBXSourcesBuildPhase section */

/* Begin XCBuildConfiguration section */
		03E7B27539A56B4B46315510 /* Release */ = {
			isa = XCBuildConfiguration;
			buildSettings = {
				ALWAYS_SEARCH_USER_PATHS = NO;
				CLANG_ANALYZER_NONNULL = YES;
				CLANG_ANALYZER_NUMBER_OBJECT_CONVERSION = YES_AGGRESSIVE;
				CLANG_CXX_LANGUAGE_STANDARD = "gnu++14";
				CLANG_CXX_LIBRARY = "libc++";
				CLANG_ENABLE_MODULES = YES;
				CLANG_ENABLE_OBJC_ARC = YES;
				CLANG_ENABLE_OBJC_WEAK = YES;
				CLANG_WARN_BLOCK_CAPTURE_AUTORELEASING = YES;
				CLANG_WARN_BOOL_CONVERSION = YES;
				CLANG_WARN_COMMA = YES;
				CLANG_WARN_CONSTANT_CONVERSION = YES;
				CLANG_WARN_DEPRECATED_OBJC_IMPLEMENTATIONS = YES;
				CLANG_WARN_DIRECT_OBJC_ISA_USAGE = YES_ERROR;
				CLANG_WARN_DOCUMENTATION_COMMENTS = YES;
				CLANG_WARN_EMPTY_BODY = YES;
				CLANG_WARN_ENUM_CONVERSION = YES;
				CLANG_WARN_INFINITE_RECURSION = YES;
				CLANG_WARN_INT_CONVERSION = YES;
				CLANG_WARN_NON_LITERAL_NULL_CONVERSION = YES;
				CLANG_WARN_OBJC_IMPLICIT_RETAIN_SELF = YES;
				CLANG_WARN_OBJC_LITERAL_CONVERSION = YES;
				CLANG_WARN_OBJC_ROOT_CLASS = YES_ERROR;
				CLANG_WARN_QUOTED_INCLUDE_IN_FRAMEWORK_HEADER = YES;
				CLANG_WARN_RANGE_LOOP_ANALYSIS = YES;
				CLANG_WARN_STRICT_PROTOTYPES = YES;
				CLANG_WARN_SUSPICIOUS_MOVE = YES;
				CLANG_WARN_UNGUARDED_AVAILABILITY = YES_AGGRESSIVE;
				CLANG_WARN_UNREACHABLE_CODE = YES;
				CLANG_WARN__DUPLICATE_METHOD_MATCH = YES;
				COPY_PHASE_STRIP = NO;
				DEBUG_INFORMATION_FORMAT = "dwarf-with-dsym";
				DEVELOPMENT_TEAM = YG7X8EC59V;
				ENABLE_NS_ASSERTIONS = NO;
				ENABLE_STRICT_OBJC_MSGSEND = YES;
				GCC_C_LANGUAGE_STANDARD = gnu11;
				GCC_NO_COMMON_BLOCKS = YES;
				GCC_WARN_64_TO_32_BIT_CONVERSION = YES;
				GCC_WARN_ABOUT_RETURN_TYPE = YES_ERROR;
				GCC_WARN_UNDECLARED_SELECTOR = YES;
				GCC_WARN_UNINITIALIZED_AUTOS = YES_AGGRESSIVE;
				GCC_WARN_UNUSED_FUNCTION = YES;
				GCC_WARN_UNUSED_VARIABLE = YES;
				IPHONEOS_DEPLOYMENT_TARGET = 16.0;
				MTL_ENABLE_DEBUG_INFO = NO;
				MTL_FAST_MATH = YES;
				PRODUCT_NAME = "$(TARGET_NAME)";
				SDKROOT = iphoneos;
				SWIFT_COMPILATION_MODE = wholemodule;
				SWIFT_OPTIMIZATION_LEVEL = "-O";
				SWIFT_VERSION = 6.0;
			};
			name = Release;
		};
		A6D4868CB68B7B3CBA70B308 /* Debug */ = {
			isa = XCBuildConfiguration;
			buildSettings = {
				ASSETCATALOG_COMPILER_APPICON_NAME = AppIcon;
				CODE_SIGN_IDENTITY = "iPhone Developer";
				CODE_SIGN_STYLE = Automatic;
				CURRENT_PROJECT_VERSION = 13;
				DEVELOPMENT_TEAM = YG7X8EC59V;
				ENABLE_USER_SCRIPT_SANDBOXING = YES;
				INFOPLIST_FILE = GenieMaxApp/Info.plist;
				LD_RUNPATH_SEARCH_PATHS = (
					"$(inherited)",
					"@executable_path/Frameworks",
				);
				MARKETING_VERSION = 1.0;
				PRODUCT_BUNDLE_IDENTIFIER = com.bda.innohub;
				PRODUCT_MODULE_NAME = GenieMaxiOS;
				PRODUCT_NAME = KiriTaraMaru;
				SDKROOT = iphoneos;
				SUPPORTS_MACCATALYST = NO;
				TARGETED_DEVICE_FAMILY = 1;
			};
			name = Debug;
		};
		C9A21875A5481316C430A758 /* Release */ = {
			isa = XCBuildConfiguration;
			buildSettings = {
				ASSETCATALOG_COMPILER_APPICON_NAME = AppIcon;
				CODE_SIGN_IDENTITY = "iPhone Developer";
				CODE_SIGN_STYLE = Automatic;
				CURRENT_PROJECT_VERSION = 13;
				DEVELOPMENT_TEAM = YG7X8EC59V;
				ENABLE_USER_SCRIPT_SANDBOXING = YES;
				INFOPLIST_FILE = GenieMaxApp/Info.plist;
				LD_RUNPATH_SEARCH_PATHS = (
					"$(inherited)",
					"@executable_path/Frameworks",
				);
				MARKETING_VERSION = 1.0;
				PRODUCT_BUNDLE_IDENTIFIER = com.bda.innohub;
				PRODUCT_MODULE_NAME = GenieMaxiOS;
				PRODUCT_NAME = KiriTaraMaru;
				SDKROOT = iphoneos;
				SUPPORTS_MACCATALYST = NO;
				SWIFT_COMPILATION_MODE = wholemodule;
				SWIFT_OPTIMIZATION_LEVEL = "-O";
				TARGETED_DEVICE_FAMILY = 1;
			};
			name = Release;
		};
		E5F55EC9D4EECD5D16B9A9B6 /* Debug */ = {
			isa = XCBuildConfiguration;
			buildSettings = {
				ALWAYS_SEARCH_USER_PATHS = NO;
				CLANG_ANALYZER_NONNULL = YES;
				CLANG_ANALYZER_NUMBER_OBJECT_CONVERSION = YES_AGGRESSIVE;
				CLANG_CXX_LANGUAGE_STANDARD = "gnu++14";
				CLANG_CXX_LIBRARY = "libc++";
				CLANG_ENABLE_MODULES = YES;
				CLANG_ENABLE_OBJC_ARC = YES;
				CLANG_ENABLE_OBJC_WEAK = YES;
				CLANG_WARN_BLOCK_CAPTURE_AUTORELEASING = YES;
				CLANG_WARN_BOOL_CONVERSION = YES;
				CLANG_WARN_COMMA = YES;
				CLANG_WARN_CONSTANT_CONVERSION = YES;
				CLANG_WARN_DEPRECATED_OBJC_IMPLEMENTATIONS = YES;
				CLANG_WARN_DIRECT_OBJC_ISA_USAGE = YES_ERROR;
				CLANG_WARN_DOCUMENTATION_COMMENTS = YES;
				CLANG_WARN_EMPTY_BODY = YES;
				CLANG_WARN_ENUM_CONVERSION = YES;
				CLANG_WARN_INFINITE_RECURSION = YES;
				CLANG_WARN_INT_CONVERSION = YES;
				CLANG_WARN_NON_LITERAL_NULL_CONVERSION = YES;
				CLANG_WARN_OBJC_IMPLICIT_RETAIN_SELF = YES;
				CLANG_WARN_OBJC_LITERAL_CONVERSION = YES;
				CLANG_WARN_OBJC_ROOT_CLASS = YES_ERROR;
				CLANG_WARN_QUOTED_INCLUDE_IN_FRAMEWORK_HEADER = YES;
				CLANG_WARN_RANGE_LOOP_ANALYSIS = YES;
				CLANG_WARN_STRICT_PROTOTYPES = YES;
				CLANG_WARN_SUSPICIOUS_MOVE = YES;
				CLANG_WARN_UNGUARDED_AVAILABILITY = YES_AGGRESSIVE;
				CLANG_WARN_UNREACHABLE_CODE = YES;
				CLANG_WARN__DUPLICATE_METHOD_MATCH = YES;
				COPY_PHASE_STRIP = NO;
				DEBUG_INFORMATION_FORMAT = dwarf;
				DEVELOPMENT_TEAM = YG7X8EC59V;
				ENABLE_STRICT_OBJC_MSGSEND = YES;
				ENABLE_TESTABILITY = YES;
				GCC_C_LANGUAGE_STANDARD = gnu11;
				GCC_DYNAMIC_NO_PIC = NO;
				GCC_NO_COMMON_BLOCKS = YES;
				GCC_OPTIMIZATION_LEVEL = 0;
				GCC_PREPROCESSOR_DEFINITIONS = (
					"$(inherited)",
					"DEBUG=1",
				);
				GCC_WARN_64_TO_32_BIT_CONVERSION = YES;
				GCC_WARN_ABOUT_RETURN_TYPE = YES_ERROR;
				GCC_WARN_UNDECLARED_SELECTOR = YES;
				GCC_WARN_UNINITIALIZED_AUTOS = YES_AGGRESSIVE;
				GCC_WARN_UNUSED_FUNCTION = YES;
				GCC_WARN_UNUSED_VARIABLE = YES;
				IPHONEOS_DEPLOYMENT_TARGET = 16.0;
				MTL_ENABLE_DEBUG_INFO = INCLUDE_SOURCE;
				MTL_FAST_MATH = YES;
				ONLY_ACTIVE_ARCH = YES;
				PRODUCT_NAME = "$(TARGET_NAME)";
				SDKROOT = iphoneos;
				SWIFT_ACTIVE_COMPILATION_CONDITIONS = DEBUG;
				SWIFT_OPTIMIZATION_LEVEL = "-Onone";
				SWIFT_VERSION = 6.0;
			};
			name = Debug;
		};
/* End XCBuildConfiguration section */

/* Begin XCConfigurationList section */
		6999348E46873614FA73BFD5 /* Build configuration list for PBXNativeTarget "GenieMaxiOS" */ = {
			isa = XCConfigurationList;
			buildConfigurations = (
				A6D4868CB68B7B3CBA70B308 /* Debug */,
				C9A21875A5481316C430A758 /* Release */,
			);
			defaultConfigurationIsVisible = 0;
			defaultConfigurationName = Debug;
		};
		94956E9312776C72E3410CB5 /* Build configuration list for PBXProject "KiriTaraMaru" */ = {
			isa = XCConfigurationList;
			buildConfigurations = (
				E5F55EC9D4EECD5D16B9A9B6 /* Debug */,
				03E7B27539A56B4B46315510 /* Release */,
			);
			defaultConfigurationIsVisible = 0;
			defaultConfigurationName = Debug;
		};
/* End XCConfigurationList section */

/* Begin XCLocalSwiftPackageReference section */
		D273C6D972C7D8D515248F35 /* XCLocalSwiftPackageReference "..//" */ = {
			isa = XCLocalSwiftPackageReference;
			relativePath = "..//";
		};
/* End XCLocalSwiftPackageReference section */

/* Begin XCSwiftPackageProductDependency section */
		6F292395B09D1BB552297A43 /* GenieMax */ = {
			isa = XCSwiftPackageProductDependency;
			productName = GenieMax;
		};
/* End XCSwiftPackageProductDependency section */
	};
	rootObject = 89AB5E172E5EA965A8A7C705 /* Project object */;
}
